
Microsoft Visual Studio Solution File, Format Version 12.00
# Visual Studio Version 16
VisualStudioVersion = 16.0.31624.102
MinimumVisualStudioVersion = 10.0.40219.1
Project("{FAE04EC0-301F-11D3-BF4B-00C04F79EFBC}") = "Queue", "Queue.csproj", "{84530B8E-7110-457F-828D-03DEF4E947B1}"
EndProject
Global
	GlobalSection(SolutionConfigurationPlatforms) = preSolution
		Debug|Any CPU = Debug|Any CPU
		Release|Any CPU = Release|Any CPU
	EndGlobalSection
	GlobalSection(ProjectConfigurationPlatforms) = postSolution
		{84530B8E-7110-457F-828D-03DEF4E947B1}.Debug|Any CPU.ActiveCfg = Debug|Any CPU
		{84530B8E-7110-457F-828D-03DEF4E947B1}.Debug|Any CPU.Build.0 = Debug|Any CPU
		{84530B8E-7110-457F-828D-03DEF4E947B1}.Release|Any CPU.ActiveCfg = Release|Any CPU
		{84530B8E-7110-457F-828D-03DEF4E947B1}.Release|Any CPU.Build.0 = Release|Any CPU
	EndGlobalSection
	GlobalSection(SolutionProperties) = preSolution
		HideSolutionNode = FALSE
	EndGlobalSection
	GlobalSection(ExtensibilityGlobals) = postSolution
		SolutionGuid = {2DD47540-4D89-4D1A-95F7-80840B58E54E}
	EndGlobalSection
EndGlobal
